
Microsoft Visual Studio Solution File, Format Version 12.00
# Visual Studio Version 16
VisualStudioVersion = 16.0.29424.173
MinimumVisualStudioVersion = 10.0.40219.1
Project("{FAE04EC0-301F-11D3-BF4B-00C04F79EFBC}") = "SalesWebMvc", "SalesWebMvc\SalesWebMvc.csproj", "{C61385E4-C03C-4E7F-9D1F-325668FAE90C}"
EndProject
Global
	GlobalSection(SolutionConfigurationPlatforms) = preSolution
		Debug|Any CPU = Debug|Any CPU
		Release|Any CPU = Release|Any CPU
	EndGlobalSection
	GlobalSection(ProjectConfigurationPlatforms) = postSolution
		{C61385E4-C03C-4E7F-9D1F-325668FAE90C}.Debug|Any CPU.ActiveCfg = Debug|Any CPU
		{C61385E4-C03C-4E7F-9D1F-325668FAE90C}.Debug|Any CPU.Build.0 = Debug|Any CPU
		{C61385E4-C03C-4E7F-9D1F-325668FAE90C}.Release|Any CPU.ActiveCfg = Release|Any CPU
		{C61385E4-C03C-4E7F-9D1F-325668FAE90C}.Release|Any CPU.Build.0 = Release|Any CPU
	EndGlobalSection
	GlobalSection(SolutionProperties) = preSolution
		HideSolutionNode = FALSE
	EndGlobalSection
	GlobalSection(ExtensibilityGlobals) = postSolution
		SolutionGuid = {DD52BCE2-A981-4F8C-91FE-EBDD61D0DB89}
	EndGlobalSection
EndGlobal
